// !$*UTF8*$!
{
	archiveVersion = 1;
	classes = {
	};
	objectVersion = 46;
	objects = {

/* Begin PBXBuildFile section */
		96BEF1F91D1C1F72006CA61B /* main.m in Sources */ = {isa = PBXBuildFile; fileRef = 96BEF1F81D1C1F72006CA61B /* main.m */; };
		96BEF1FC1D1C1F72006CA61B /* AppDelegate.m in Sources */ = {isa = PBXBuildFile; fileRef = 96BEF1FB1D1C1F72006CA61B /* AppDelegate.m */; };
		96BEF1FF1D1C1F72006CA61B /* ViewController.m in Sources */ = {isa = PBXBuildFile; fileRef = 96BEF1FE1D1C1F72006CA61B /* ViewController.m */; };
		96BEF2021D1C1F72006CA61B /* Main.storyboard in Resources */ = {isa = PBXBuildFile; fileRef = 96BEF2001D1C1F72006CA61B /* Main.storyboard */; };
		96BEF2041D1C1F72006CA61B /* Assets.xcassets in Resources */ = {isa = PBXBuildFile; fileRef = 96BEF2031D1C1F72006CA61B /* Assets.xcassets */; };
		96BEF2071D1C1F72006CA61B /* LaunchScreen.storyboard in Resources */ = {isa = PBXBuildFile; fileRef = 96BEF2051D1C1F72006CA61B /* LaunchScreen.storyboard */; };
		96BEF2121D1C1F72006CA61B /* ProjectXCodeTests.m in Sources */ = {isa = PBXBuildFile; fileRef = 96BEF2111D1C1F72006CA61B /* ProjectXCodeTests.m */; };
		96BEF21D1D1C1F72006CA61B /* ProjectXCodeUITests.m in Sources */ = {isa = PBXBuildFile; fileRef = 96BEF21C1D1C1F72006CA61B /* ProjectXCodeUITests.m */; };
/* End PBXBuildFile section */

/* Begin PBXContainerItemProxy section */
		96BEF20E1D1C1F72006CA61B /* PBXContainerItemProxy */ = {
			isa = PBXContainerItemProxy;
			containerPortal = 96BEF1EC1D1C1F72006CA61B /* Project object */;
			proxyType = 1;
			remoteGlobalIDString = 96BEF1F31D1C1F72006CA61B;
			remoteInfo = ProjectXCode;
		};
		96BEF2191D1C1F72006CA61B /* PBXContainerItemProxy */ = {
			isa = PBXContainerItemProxy;
			containerPortal = 96BEF1EC1D1C1F72006CA61B /* Project object */;
			proxyType = 1;
			remoteGlobalIDString = 96BEF1F31D1C1F72006CA61B;
			remoteInfo = ProjectXCode;
		};
/* End PBXContainerItemProxy section */

/* Begin PBXFileReference section */
		96BEF1F41D1C1F72006CA61B /* ProjectXCode.app */ = {isa = PBXFileReference; explicitFileType = wrapper.application; includeInIndex = 0; path = ProjectXCode.app; sourceTree = BUILT_PRODUCTS_DIR; };
		96BEF1F81D1C1F72006CA61B /* main.m */ = {isa = PBXFileReference; lastKnownFileType = sourcecode.c.objc; path = main.m; sourceTree = "<group>"; };
		96BEF1FA1D1C1F72006CA61B /* AppDelegate.h */ = {isa = PBXFileReference; lastKnownFileType = sourcecode.c.h; path = AppDelegate.h; sourceTree = "<group>"; };
		96BEF1FB1D1C1F72006CA61B /* AppDelegate.m */ = {isa = PBXFileReference; lastKnownFileType = sourcecode.c.objc; path = AppDelegate.m; sourceTree = "<group>"; };
		96BEF1FD1D1C1F72006CA61B /* ViewController.h */ = {isa = PBXFileReference; lastKnownFileType = sourcecode.c.h; path = ViewController.h; sourceTree = "<group>"; };
		96BEF1FE1D1C1F72006CA61B /* ViewController.m */ = {isa = PBXFileReference; lastKnownFileType = sourcecode.c.objc; path = ViewController.m; sourceTree = "<group>"; };
		96BEF2011D1C1F72006CA61B /* Base */ = {isa = PBXFileReference; lastKnownFileType = file.storyboard; name = Base; path = Base.lproj/Main.storyboard; sourceTree = "<group>"; };
		96BEF2031D1C1F72006CA61B /* Assets.xcassets */ = {isa = PBXFileReference; lastKnownFileType = folder.assetcatalog; path = Assets.xcassets; sourceTree = "<group>"; };
		96BEF2061D1C1F72006CA61B /* Base */ = {isa = PBXFileReference; lastKnownFileType = file.storyboard; name = Base; path = Base.lproj/LaunchScreen.storyboard; sourceTree = "<group>"; };
		96BEF2081D1C1F72006CA61B /* Info.plist */ = {isa = PBXFileReference; lastKnownFileType = text.plist.xml; path = Info.plist; sourceTree = "<group>"; };
		96BEF20D1D1C1F72006CA61B /* ProjectXCodeTests.xctest */ = {isa = PBXFileReference; explicitFileType = wrapper.cfbundle; includeInIndex = 0; path = ProjectXCodeTests.xctest; sourceTree = BUILT_PRODUCTS_DIR; };
		96BEF2111D1C1F72006CA61B /* ProjectXCodeTests.m */ = {isa = PBXFileReference; lastKnownFileType = sourcecode.c.objc; path = ProjectXCodeTests.m; sourceTree = "<group>"; };
		96BEF2131D1C1F72006CA61B /* Info.plist */ = {isa = PBXFileReference; lastKnownFileType = text.plist.xml; path = Info.plist; sourceTree = "<group>"; };
		96BEF2181D1C1F72006CA61B /* ProjectXCodeUITests.xctest */ = {isa = PBXFileReference; explicitFileType = wrapper.cfbundle; includeInIndex = 0; path = ProjectXCodeUITests.xctest; sourceTree = BUILT_PRODUCTS_DIR; };
		96BEF21C1D1C1F72006CA61B /* ProjectXCodeUITests.m */ = {isa = PBXFileReference; lastKnownFileType = sourcecode.c.objc; path = ProjectXCodeUITests.m; sourceTree = "<group>"; };
		96BEF21E1D1C1F72006CA61B /* Info.plist */ = {isa = PBXFileReference; lastKnownFileType = text.plist.xml; path = Info.plist; sourceTree = "<group>"; };
/* End PBXFileReference section */

/* Begin PBXFrameworksBuildPhase section */
		96BEF1F11D1C1F72006CA61B /* Frameworks */ = {
			isa = PBXFrameworksBuildPhase;
			buildActionMask = 2147483647;
			files = (
			);
			runOnlyForDeploymentPostprocessing = 0;
		};
		96BEF20A1D1C1F72006CA61B /* Frameworks */ = {
			isa = PBXFrameworksBuildPhase;
			buildActionMask = 2147483647;
			files = (
			);
			runOnlyForDeploymentPostprocessing = 0;
		};
		96BEF2151D1C1F72006CA61B /* Frameworks */ = {
			isa = PBXFrameworksBuildPhase;
			buildActionMask = 2147483647;
			files = (
			);
			runOnlyForDeploymentPostprocessing = 0;
		};
/* End PBXFrameworksBuildPhase section */

/* Begin PBXGroup section */
		96BEF1EB1D1C1F72006CA61B = {
			isa = PBXGroup;
			children = (
				96BEF1F61D1C1F72006CA61B /* ProjectXCode */,
				96BEF2101D1C1F72006CA61B /* ProjectXCodeTests */,
				96BEF21B1D1C1F72006CA61B /* ProjectXCodeUITests */,
				96BEF1F51D1C1F72006CA61B /* Products */,
			);
			sourceTree = "<group>";
		};
		96BEF1F51D1C1F72006CA61B /* Products */ = {
			isa = PBXGroup;
			children = (
				96BEF1F41D1C1F72006CA61B /* ProjectXCode.app */,
				96BEF20D1D1C1F72006CA61B /* ProjectXCodeTests.xctest */,
				96BEF2181D1C1F72006CA61B /* ProjectXCodeUITests.xctest */,
			);
			name = Products;
			sourceTree = "<group>";
		};
		96BEF1F61D1C1F72006CA61B /* ProjectXCode */ = {
			isa = PBXGroup;
			children = (
				96BEF1FA1D1C1F72006CA61B /* AppDelegate.h */,
				96BEF1FB1D1C1F72006CA61B /* AppDelegate.m */,
				96BEF1FD1D1C1F72006CA61B /* ViewController.h */,
				96BEF1FE1D1C1F72006CA61B /* ViewController.m */,
				96BEF2001D1C1F72006CA61B /* Main.storyboard */,
				96BEF2031D1C1F72006CA61B /* Assets.xcassets */,
				96BEF2051D1C1F72006CA61B /* LaunchScreen.storyboard */,
				96BEF2081D1C1F72006CA61B /* Info.plist */,
				96BEF1F71D1C1F72006CA61B /* Supporting Files */,
			);
			path = ProjectXCode;
			sourceTree = "<group>";
		};
		96BEF1F71D1C1F72006CA61B /* Supporting Files */ = {
			isa = PBXGroup;
			children = (
				96BEF1F81D1C1F72006CA61B /* main.m */,
			);
			name = "Supporting Files";
			sourceTree = "<group>";
		};
		96BEF2101D1C1F72006CA61B /* ProjectXCodeTests */ = {
			isa = PBXGroup;
			children = (
				96BEF2111D1C1F72006CA61B /* ProjectXCodeTests.m */,
				96BEF2131D1C1F72006CA61B /* Info.plist */,
			);
			path = ProjectXCodeTests;
			sourceTree = "<group>";
		};
		96BEF21B1D1C1F72006CA61B /* ProjectXCodeUITests */ = {
			isa = PBXGroup;
			children = (
				96BEF21C1D1C1F72006CA61B /* ProjectXCodeUITests.m */,
				96BEF21E1D1C1F72006CA61B /* Info.plist */,
			);
			path = ProjectXCodeUITests;
			sourceTree = "<group>";
		};
/* End PBXGroup section */

/* Begin PBXNativeTarget section */
		96BEF1F31D1C1F72006CA61B /* ProjectXCode */ = {
			isa = PBXNativeTarget;
			buildConfigurationList = 96BEF2211D1C1F72006CA61B /* Build configuration list for PBXNativeTarget "ProjectXCode" */;
			buildPhases = (
				96BEF1F01D1C1F72006CA61B /* Sources */,
				96BEF1F11D1C1F72006CA61B /* Frameworks */,
				96BEF1F21D1C1F72006CA61B /* Resources */,
			);
			buildRules = (
			);
			dependencies = (
			);
			name = ProjectXCode;
			productName = ProjectXCode;
			productReference = 96BEF1F41D1C1F72006CA61B /* ProjectXCode.app */;
			productType = "com.apple.product-type.application";
		};
		96BEF20C1D1C1F72006CA61B /* ProjectXCodeTests */ = {
			isa = PBXNativeTarget;
			buildConfigurationList = 96BEF2241D1C1F72006CA61B /* Build configuration list for PBXNativeTarget "ProjectXCodeTests" */;
			buildPhases = (
				96BEF2091D1C1F72006CA61B /* Sources */,
				96BEF20A1D1C1F72006CA61B /* Frameworks */,
				96BEF20B1D1C1F72006CA61B /* Resources */,
			);
			buildRules = (
			);
			dependencies = (
				96BEF20F1D1C1F72006CA61B /* PBXTargetDependency */,
			);
			name = ProjectXCodeTests;
			productName = ProjectXCodeTests;
			productReference = 96BEF20D1D1C1F72006CA61B /* ProjectXCodeTests.xctest */;
			productType = "com.apple.product-type.bundle.unit-test";
		};
		96BEF2171D1C1F72006CA61B /* ProjectXCodeUITests */ = {
			isa = PBXNativeTarget;
			buildConfigurationList = 96BEF2271D1C1F72006CA61B /* Build configuration list for PBXNativeTarget "ProjectXCodeUITests" */;
			buildPhases = (
				96BEF2141D1C1F72006CA61B /* Sources */,
				96BEF2151D1C1F72006CA61B /* Frameworks */,
				96BEF2161D1C1F72006CA61B /* Resources */,
			);
			buildRules = (
			);
			dependencies = (
				96BEF21A1D1C1F72006CA61B /* PBXTargetDependency */,
			);
			name = ProjectXCodeUITests;
			productName = ProjectXCodeUITests;
			productReference = 96BEF2181D1C1F72006CA61B /* ProjectXCodeUITests.xctest */;
			productType = "com.apple.product-type.bundle.ui-testing";
		};
/* End PBXNativeTarget section */

/* Begin PBXProject section */
		96BEF1EC1D1C1F72006CA61B /* Project object */ = {
			isa = PBXProject;
			attributes = {
				LastUpgradeCheck = 0730;
				ORGANIZATIONNAME = NextU;
				TargetAttributes = {
					96BEF1F31D1C1F72006CA61B = {
						CreatedOnToolsVersion = 7.3.1;
					};
					96BEF20C1D1C1F72006CA61B = {
						CreatedOnToolsVersion = 7.3.1;
						TestTargetID = 96BEF1F31D1C1F72006CA61B;
					};
					96BEF2171D1C1F72006CA61B = {
						CreatedOnToolsVersion = 7.3.1;
						TestTargetID = 96BEF1F31D1C1F72006CA61B;
					};
				};
			};
			buildConfigurationList = 96BEF1EF1D1C1F72006CA61B /* Build configuration list for PBXProject "ProjectXCode" */;
			compatibilityVersion = "Xcode 3.2";
			developmentRegion = English;
			hasScannedForEncodings = 0;
			knownRegions = (
				en,
				Base,
			);
			mainGroup = 96BEF1EB1D1C1F72006CA61B;
			productRefGroup = 96BEF1F51D1C1F72006CA61B /* Products */;
			projectDirPath = "";
			projectRoot = "";
			targets = (
				96BEF1F31D1C1F72006CA61B /* ProjectXCode */,
				96BEF20C1D1C1F72006CA61B /* ProjectXCodeTests */,
				96BEF2171D1C1F72006CA61B /* ProjectXCodeUITests */,
			);
		};
/* End PBXProject section */

/* Begin PBXResourcesBuildPhase section */
		96BEF1F21D1C1F72006CA61B /* Resources */ = {
			isa = PBXResourcesBuildPhase;
			buildActionMask = 2147483647;
			files = (
				96BEF2071D1C1F72006CA61B /* LaunchScreen.storyboard in Resources */,
				96BEF2041D1C1F72006CA61B /* Assets.xcassets in Resources */,
				96BEF2021D1C1F72006CA61B /* Main.storyboard in Resources */,
			);
			runOnlyForDeploymentPostprocessing = 0;
		};
		96BEF20B1D1C1F72006CA61B /* Resources */ = {
			isa = PBXResourcesBuildPhase;
			buildActionMask = 2147483647;
			files = (
			);
			runOnlyForDeploymentPostprocessing = 0;
		};
		96BEF2161D1C1F72006CA61B /* Resources */ = {
			isa = PBXResourcesBuildPhase;
			buildActionMask = 2147483647;
			files = (
			);
			runOnlyForDeploymentPostprocessing = 0;
		};
/* End PBXResourcesBuildPhase section */

/* Begin PBXSourcesBuildPhase section */
		96BEF1F01D1C1F72006CA61B /* Sources */ = {
			isa = PBXSourcesBuildPhase;
			buildActionMask = 2147483647;
			files = (
				96BEF1FF1D1C1F72006CA61B /* ViewController.m in Sources */,
				96BEF1FC1D1C1F72006CA61B /* AppDelegate.m in Sources */,
				96BEF1F91D1C1F72006CA61B /* main.m in Sources */,
			);
			runOnlyForDeploymentPostprocessing = 0;
		};
		96BEF2091D1C1F72006CA61B /* Sources */ = {
			isa = PBXSourcesBuildPhase;
			buildActionMask = 2147483647;
			files = (
				96BEF2121D1C1F72006CA61B /* ProjectXCodeTests.m in Sources */,
			);
			runOnlyForDeploymentPostprocessing = 0;
		};
		96BEF2141D1C1F72006CA61B /* Sources */ = {
			isa = PBXSourcesBuildPhase;
			buildActionMask = 2147483647;
			files = (
				96BEF21D1D1C1F72006CA61B /* ProjectXCodeUITests.m in Sources */,
			);
			runOnlyForDeploymentPostprocessing = 0;
		};
/* End PBXSourcesBuildPhase section */

/* Begin PBXTargetDependency section */
		96BEF20F1D1C1F72006CA61B /* PBXTargetDependency */ = {
			isa = PBXTargetDependency;
			target = 96BEF1F31D1C1F72006CA61B /* ProjectXCode */;
			targetProxy = 96BEF20E1D1C1F72006CA61B /* PBXContainerItemProxy */;
		};
		96BEF21A1D1C1F72006CA61B /* PBXTargetDependency */ = {
			isa = PBXTargetDependency;
			target = 96BEF1F31D1C1F72006CA61B /* ProjectXCode */;
			targetProxy = 96BEF2191D1C1F72006CA61B /* PBXContainerItemProxy */;
		};
/* End PBXTargetDependency section */

/* Begin PBXVariantGroup section */
		96BEF2001D1C1F72006CA61B /* Main.storyboard */ = {
			isa = PBXVariantGroup;
			children = (
				96BEF2011D1C1F72006CA61B /* Base */,
			);
			name = Main.storyboard;
			sourceTree = "<group>";
		};
		96BEF2051D1C1F72006CA61B /* LaunchScreen.storyboard */ = {
			isa = PBXVariantGroup;
			children = (
				96BEF2061D1C1F72006CA61B /* Base */,
			);
			name = LaunchScreen.storyboard;
			sourceTree = "<group>";
		};
/* End PBXVariantGroup section */

/* Begin XCBuildConfiguration section */
		96BEF21F1D1C1F72006CA61B /* Debug */ = {
			isa = XCBuildConfiguration;
			buildSettings = {
				ALWAYS_SEARCH_USER_PATHS = NO;
				CLANG_ANALYZER_NONNULL = YES;
				CLANG_CXX_LANGUAGE_STANDARD = "gnu++0x";
				CLANG_CXX_LIBRARY = "libc++";
				CLANG_ENABLE_MODULES = YES;
				CLANG_ENABLE_OBJC_ARC = YES;
				CLANG_WARN_BOOL_CONVERSION = YES;
				CLANG_WARN_CONSTANT_CONVERSION = YES;
				CLANG_WARN_DIRECT_OBJC_ISA_USAGE = YES_ERROR;
				CLANG_WARN_EMPTY_BODY = YES;
				CLANG_WARN_ENUM_CONVERSION = YES;
				CLANG_WARN_INT_CONVERSION = YES;
				CLANG_WARN_OBJC_ROOT_CLASS = YES_ERROR;
				CLANG_WARN_UNREACHABLE_CODE = YES;
				CLANG_WARN__DUPLICATE_METHOD_MATCH = YES;
				"CODE_SIGN_IDENTITY[sdk=iphoneos*]" = "iPhone Developer";
				COPY_PHASE_STRIP = NO;
				DEBUG_INFORMATION_FORMAT = dwarf;
				ENABLE_STRICT_OBJC_MSGSEND = YES;
				ENABLE_TESTABILITY = YES;
				GCC_C_LANGUAGE_STANDARD = gnu99;
				GCC_DYNAMIC_NO_PIC = NO;
				GCC_NO_COMMON_BLOCKS = YES;
				GCC_OPTIMIZATION_LEVEL = 0;
				GCC_PREPROCESSOR_DEFINITIONS = (
					"DEBUG=1",
					"$(inherited)",
				);
				GCC_WARN_64_TO_32_BIT_CONVERSION = YES;
				GCC_WARN_ABOUT_RETURN_TYPE = YES_ERROR;
				GCC_WARN_UNDECLARED_SELECTOR = YES;
				GCC_WARN_UNINITIALIZED_AUTOS = YES_AGGRESSIVE;
				GCC_WARN_UNUSED_FUNCTION = YES;
				GCC_WARN_UNUSED_VARIABLE = YES;
				IPHONEOS_DEPLOYMENT_TARGET = 9.3;
				MTL_ENABLE_DEBUG_INFO = YES;
				ONLY_ACTIVE_ARCH = YES;
				SDKROOT = iphoneos;
				TARGETED_DEVICE_FAMILY = "1,2";
			};
			name = Debug;
		};
		96BEF2201D1C1F72006CA61B /* Release */ = {
			isa = XCBuildConfiguration;
			buildSettings = {
				ALWAYS_SEARCH_USER_PATHS = NO;
				CLANG_ANALYZER_NONNULL = YES;
				CLANG_CXX_LANGUAGE_STANDARD = "gnu++0x";
				CLANG_CXX_LIBRARY = "libc++";
				CLANG_ENABLE_MODULES = YES;
				CLANG_ENABLE_OBJC_ARC = YES;
				CLANG_WARN_BOOL_CONVERSION = YES;
				CLANG_WARN_CONSTANT_CONVERSION = YES;
				CLANG_WARN_DIRECT_OBJC_ISA_USAGE = YES_ERROR;
				CLANG_WARN_EMPTY_BODY = YES;
				CLANG_WARN_ENUM_CONVERSION = YES;
				CLANG_WARN_INT_CONVERSION = YES;
				CLANG_WARN_OBJC_ROOT_CLASS = YES_ERROR;
				CLANG_WARN_UNREACHABLE_CODE = YES;
				CLANG_WARN__DUPLICATE_METHOD_MATCH = YES;
				"CODE_SIGN_IDENTITY[sdk=iphoneos*]" = "iPhone Developer";
				COPY_PHASE_STRIP = NO;
				DEBUG_INFORMATION_FORMAT = "dwarf-with-dsym";
				ENABLE_NS_ASSERTIONS = NO;
				ENABLE_STRICT_OBJC_MSGSEND = YES;
				GCC_C_LANGUAGE_STANDARD = gnu99;
				GCC_NO_COMMON_BLOCKS = YES;
				GCC_WARN_64_TO_32_BIT_CONVERSION = YES;
				GCC_WARN_ABOUT_RETURN_TYPE = YES_ERROR;
				GCC_WARN_UNDECLARED_SELECTOR = YES;
				GCC_WARN_UNINITIALIZED_AUTOS = YES_AGGRESSIVE;
				GCC_WARN_UNUSED_FUNCTION = YES;
				GCC_WARN_UNUSED_VARIABLE = YES;
				IPHONEOS_DEPLOYMENT_TARGET = 9.3;
				MTL_ENABLE_DEBUG_INFO = NO;
				SDKROOT = iphoneos;
				TARGETED_DEVICE_FAMILY = "1,2";
				VALIDATE_PRODUCT = YES;
			};
			name = Release;
		};
		96BEF2221D1C1F72006CA61B /* Debug */ = {
			isa = XCBuildConfiguration;
			buildSettings = {
				ASSETCATALOG_COMPILER_APPICON_NAME = AppIcon;
				INFOPLIST_FILE = ProjectXCode/Info.plist;
				LD_RUNPATH_SEARCH_PATHS = "$(inherited) @executable_path/Frameworks";
				PRODUCT_BUNDLE_IDENTIFIER = NextU.ProjectXCode;
				PRODUCT_NAME = "$(TARGET_NAME)";
			};
			name = Debug;
		};
		96BEF2231D1C1F72006CA61B /* Release */ = {
			isa = XCBuildConfiguration;
			buildSettings = {
				ASSETCATALOG_COMPILER_APPICON_NAME = AppIcon;
				INFOPLIST_FILE = ProjectXCode/Info.plist;
				LD_RUNPATH_SEARCH_PATHS = "$(inherited) @executable_path/Frameworks";
				PRODUCT_BUNDLE_IDENTIFIER = NextU.ProjectXCode;
				PRODUCT_NAME = "$(TARGET_NAME)";
			};
			name = Release;
		};
		96BEF2251D1C1F72006CA61B /* Debug */ = {
			isa = XCBuildConfiguration;
			buildSettings = {
				BUNDLE_LOADER = "$(TEST_HOST)";
				INFOPLIST_FILE = ProjectXCodeTests/Info.plist;
				LD_RUNPATH_SEARCH_PATHS = "$(inherited) @executable_path/Frameworks @loader_path/Frameworks";
				PRODUCT_BUNDLE_IDENTIFIER = NextU.ProjectXCodeTests;
				PRODUCT_NAME = "$(TARGET_NAME)";
				TEST_HOST = "$(BUILT_PRODUCTS_DIR)/ProjectXCode.app/ProjectXCode";
			};
			name = Debug;
		};
		96BEF2261D1C1F72006CA61B /* Release */ = {
			isa = XCBuildConfiguration;
			buildSettings = {
				BUNDLE_LOADER = "$(TEST_HOST)";
				INFOPLIST_FILE = ProjectXCodeTests/Info.plist;
				LD_RUNPATH_SEARCH_PATHS = "$(inherited) @executable_path/Frameworks @loader_path/Frameworks";
				PRODUCT_BUNDLE_IDENTIFIER = NextU.ProjectXCodeTests;
				PRODUCT_NAME = "$(TARGET_NAME)";
				TEST_HOST = "$(BUILT_PRODUCTS_DIR)/ProjectXCode.app/ProjectXCode";
			};
			name = Release;
		};
		96BEF2281D1C1F72006CA61B /* Debug */ = {
			isa = XCBuildConfiguration;
			buildSettings = {
				INFOPLIST_FILE = ProjectXCodeUITests/Info.plist;
				LD_RUNPATH_SEARCH_PATHS = "$(inherited) @executable_path/Frameworks @loader_path/Frameworks";
				PRODUCT_BUNDLE_IDENTIFIER = NextU.ProjectXCodeUITests;
				PRODUCT_NAME = "$(TARGET_NAME)";
				TEST_TARGET_NAME = ProjectXCode;
			};
			name = Debug;
		};
		96BEF2291D1C1F72006CA61B /* Release */ = {
			isa = XCBuildConfiguration;
			buildSettings = {
				INFOPLIST_FILE = ProjectXCodeUITests/Info.plist;
				LD_RUNPATH_SEARCH_PATHS = "$(inherited) @executable_path/Frameworks @loader_path/Frameworks";
				PRODUCT_BUNDLE_IDENTIFIER = NextU.ProjectXCodeUITests;
				PRODUCT_NAME = "$(TARGET_NAME)";
				TEST_TARGET_NAME = ProjectXCode;
			};
			name = Release;
		};
/* End XCBuildConfiguration section */

/* Begin XCConfigurationList section */
		96BEF1EF1D1C1F72006CA61B /* Build configuration list for PBXProject "ProjectXCode" */ = {
			isa = XCConfigurationList;
			buildConfigurations = (
				96BEF21F1D1C1F72006CA61B /* Debug */,
				96BEF2201D1C1F72006CA61B /* Release */,
			);
			defaultConfigurationIsVisible = 0;
			defaultConfigurationName = Release;
		};
		96BEF2211D1C1F72006CA61B /* Build configuration list for PBXNativeTarget "ProjectXCode" */ = {
			isa = XCConfigurationList;
			buildConfigurations = (
				96BEF2221D1C1F72006CA61B /* Debug */,
				96BEF2231D1C1F72006CA61B /* Release */,
			);
			defaultConfigurationIsVisible = 0;
		};
		96BEF2241D1C1F72006CA61B /* Build configuration list for PBXNativeTarget "ProjectXCodeTests" */ = {
			isa = XCConfigurationList;
			buildConfigurations = (
				96BEF2251D1C1F72006CA61B /* Debug */,
				96BEF2261D1C1F72006CA61B /* Release */,
			);
			defaultConfigurationIsVisible = 0;
		};
		96BEF2271D1C1F72006CA61B /* Build configuration list for PBXNativeTarget "ProjectXCodeUITests" */ = {
			isa = XCConfigurationList;
			buildConfigurations = (
				96BEF2281D1C1F72006CA61B /* Debug */,
				96BEF2291D1C1F72006CA61B /* Release */,
			);
			defaultConfigurationIsVisible = 0;
		};
/* End XCConfigurationList section */
	};
	rootObject = 96BEF1EC1D1C1F72006CA61B /* Project object */;
}
